
Microsoft Visual Studio Solution File, Format Version 12.00
# Visual Studio 2013
VisualStudioVersion = 12.0.31101.0
MinimumVisualStudioVersion = 10.0.40219.1
Project("{FAE04EC0-301F-11D3-BF4B-00C04F79EFBC}") = "TWebAPI", "TWebAPI\TWebAPI.csproj", "{5CA60168-D0B6-403D-8892-86DD81D447FF}"
EndProject
Project("{FAE04EC0-301F-11D3-BF4B-00C04F79EFBC}") = "Harness", "Harness\Harness.csproj", "{EA215B65-1878-45CE-AB8F-E57954230847}"
	ProjectSection(ProjectDependencies) = postProject
		{5CA60168-D0B6-403D-8892-86DD81D447FF} = {5CA60168-D0B6-403D-8892-86DD81D447FF}
	EndProjectSection
EndProject
Global
	GlobalSection(SolutionConfigurationPlatforms) = preSolution
		Debug|Any CPU = Debug|Any CPU
		Release|Any CPU = Release|Any CPU
	EndGlobalSection
	GlobalSection(ProjectConfigurationPlatforms) = postSolution
		{5CA60168-D0B6-403D-8892-86DD81D447FF}.Debug|Any CPU.ActiveCfg = Debug|Any CPU
		{5CA60168-D0B6-403D-8892-86DD81D447FF}.Debug|Any CPU.Build.0 = Debug|Any CPU
		{5CA60168-D0B6-403D-8892-86DD81D447FF}.Release|Any CPU.ActiveCfg = Release|Any CPU
		{5CA60168-D0B6-403D-8892-86DD81D447FF}.Release|Any CPU.Build.0 = Release|Any CPU
		{EA215B65-1878-45CE-AB8F-E57954230847}.Debug|Any CPU.ActiveCfg = Debug|Any CPU
		{EA215B65-1878-45CE-AB8F-E57954230847}.Debug|Any CPU.Build.0 = Debug|Any CPU
		{EA215B65-1878-45CE-AB8F-E57954230847}.Release|Any CPU.ActiveCfg = Release|Any CPU
		{EA215B65-1878-45CE-AB8F-E57954230847}.Release|Any CPU.Build.0 = Release|Any CPU
	EndGlobalSection
	GlobalSection(SolutionProperties) = preSolution
		HideSolutionNode = FALSE
	EndGlobalSection
EndGlobal
